{
  "name": "tsifdef-demo",
  "lockfileVersion": 3,
  "requires": true,
  "packages": {
    "": {
      "name": "tsifdef-demo",
      "devDependencies": {
        "tsifdef": "file:../..",
        "typescript": "5.5.4"
      }
    },
    "../..": {
      "name": "tsifdef",
      "version": "0.1.0",
      "dev": true,
      "license": "UNLICENSED",
      "bin": {
        "tsifdef": "dist/cli/main.js"
      },
      "devDependencies": {
        "@types/node": "22.15.3",
        "tsifdef-tsserver": "file:./scripts/packaging/tsserver",
        "typescript": "5.5.4"
      },
      "engines": {
        "node": ">=18.17",
        "vscode": "^1.85.0"
      }
    },
    "node_modules/tsifdef": {
      "resolved": "../..",
      "link": true
    },
    "node_modules/typescript": {
      "version": "5.5.4",
      "resolved": "https://mirrors.tencent.com/npm/typescript/-/typescript-5.5.4.tgz",
      "integrity": "sha512-Mtq29sKDAEYP7aljRgtPOpTvOfbwRWlS6dPRzwjdE+C0R4brX/GUyhHSecbHMFLNBLcJIPt9nl9yG5TZ1weH+Q==",
      "dev": true,
      "license": "Apache-2.0",
      "bin": {
        "tsc": "bin/tsc",
        "tsserver": "bin/tsserver"
      },
      "engines": {
        "node": ">=14.17"
      }
    }
  }
}
